
Microsoft Visual Studio Solution File, Format Version 12.00
# Visual Studio Version 16
VisualStudioVersion = 16.0.31229.75
MinimumVisualStudioVersion = 10.0.40219.1
Project("{FAE04EC0-301F-11D3-BF4B-00C04F79EFBC}") = "AdvertApi", "AdvertApi.csproj", "{3CCBEE45-D886-41D1-985E-D77DCFEF7984}"
EndProject
Project("{FAE04EC0-301F-11D3-BF4B-00C04F79EFBC}") = "AdvertApi.Models", "..\AdvertApi.Models\AdvertApi.Models.csproj", "{CE3E3DD3-B3E6-4D50-8D7D-0F3D07D7F5B2}"
EndProject
Global
	GlobalSection(SolutionConfigurationPlatforms) = preSolution
		Debug|Any CPU = Debug|Any CPU
		Release|Any CPU = Release|Any CPU
	EndGlobalSection
	GlobalSection(ProjectConfigurationPlatforms) = postSolution
		{3CCBEE45-D886-41D1-985E-D77DCFEF7984}.Debug|Any CPU.ActiveCfg = Debug|Any CPU
		{3CCBEE45-D886-41D1-985E-D77DCFEF7984}.Debug|Any CPU.Build.0 = Debug|Any CPU
		{3CCBEE45-D886-41D1-985E-D77DCFEF7984}.Release|Any CPU.ActiveCfg = Release|Any CPU
		{3CCBEE45-D886-41D1-985E-D77DCFEF7984}.Release|Any CPU.Build.0 = Release|Any CPU
		{CE3E3DD3-B3E6-4D50-8D7D-0F3D07D7F5B2}.Debug|Any CPU.ActiveCfg = Debug|Any CPU
		{CE3E3DD3-B3E6-4D50-8D7D-0F3D07D7F5B2}.Debug|Any CPU.Build.0 = Debug|Any CPU
		{CE3E3DD3-B3E6-4D50-8D7D-0F3D07D7F5B2}.Release|Any CPU.ActiveCfg = Release|Any CPU
		{CE3E3DD3-B3E6-4D50-8D7D-0F3D07D7F5B2}.Release|Any CPU.Build.0 = Release|Any CPU
	EndGlobalSection
	GlobalSection(SolutionProperties) = preSolution
		HideSolutionNode = FALSE
	EndGlobalSection
	GlobalSection(ExtensibilityGlobals) = postSolution
		SolutionGuid = {94E0F1A3-F20C-46CD-9148-79B5F6F7B595}
	EndGlobalSection
EndGlobal
